
Microsoft Visual Studio Solution File, Format Version 12.00
# Visual Studio Version 16
VisualStudioVersion = 16.0.28803.202
MinimumVisualStudioVersion = 10.0.40219.1
Project("{9A19103F-16F7-4668-BE54-9A1E7A4F7556}") = "Generator", "Generator\Generator.csproj", "{9FF2039C-BD3F-4054-B8C0-B1F31062FA52}"
EndProject
Global
	GlobalSection(SolutionConfigurationPlatforms) = preSolution
		Debug|Any CPU = Debug|Any CPU
		Debug|x86 = Debug|x86
		Release|Any CPU = Release|Any CPU
		Release|x86 = Release|x86
	EndGlobalSection
	GlobalSection(ProjectConfigurationPlatforms) = postSolution
		{9FF2039C-BD3F-4054-B8C0-B1F31062FA52}.Debug|Any CPU.ActiveCfg = Debug|Any CPU
		{9FF2039C-BD3F-4054-B8C0-B1F31062FA52}.Debug|Any CPU.Build.0 = Debug|Any CPU
		{9FF2039C-BD3F-4054-B8C0-B1F31062FA52}.Debug|x86.ActiveCfg = Debug|Any CPU
		{9FF2039C-BD3F-4054-B8C0-B1F31062FA52}.Debug|x86.Build.0 = Debug|Any CPU
		{9FF2039C-BD3F-4054-B8C0-B1F31062FA52}.Release|Any CPU.ActiveCfg = Release|Any CPU
		{9FF2039C-BD3F-4054-B8C0-B1F31062FA52}.Release|Any CPU.Build.0 = Release|Any CPU
		{9FF2039C-BD3F-4054-B8C0-B1F31062FA52}.Release|x86.ActiveCfg = Release|Any CPU
		{9FF2039C-BD3F-4054-B8C0-B1F31062FA52}.Release|x86.Build.0 = Release|Any CPU
	EndGlobalSection
	GlobalSection(SolutionProperties) = preSolution
		HideSolutionNode = FALSE
	EndGlobalSection
	GlobalSection(ExtensibilityGlobals) = postSolution
		SolutionGuid = {1B2FD441-5FB9-497E-862B-80E945EC233B}
	EndGlobalSection
	GlobalSection(TeamFoundationVersionControl) = preSolution
		SccNumberOfProjects = 2
		SccEnterpriseProvider = {4CA58AB2-18FA-4F8D-95D4-32DDF27D184C}
		SccTeamFoundationServer = https://snxxy.visualstudio.com/
		SccLocalPath0 = .
		SccProjectUniqueName1 = Generator\\Generator.csproj
		SccProjectName1 = Generator
		SccLocalPath1 = Generator
	EndGlobalSection
EndGlobal
