
Microsoft Visual Studio Solution File, Format Version 12.00
# Visual Studio Version 16
VisualStudioVersion = 16.0.28803.202
MinimumVisualStudioVersion = 10.0.40219.1
Project("{9A19103F-16F7-4668-BE54-9A1E7A4F7556}") = "DiffEq", "DiffEq\DiffEq.csproj", "{9FF2039C-BD3F-4054-B8C0-B1F31062FA52}"
	ProjectSection(ProjectDependencies) = postProject
		{B7A2077F-8891-457D-9E2B-9F6684F81EEE} = {B7A2077F-8891-457D-9E2B-9F6684F81EEE}
		{ACFB51ED-2D11-4AB4-B2BA-15619C4BDB5D} = {ACFB51ED-2D11-4AB4-B2BA-15619C4BDB5D}
	EndProjectSection
EndProject
Project("{888888A0-9F3D-457C-B088-3A5042F75D52}") = "PySolverApi", "PySolverApi\PySolverApi.pyproj", "{ACFB51ED-2D11-4AB4-B2BA-15619C4BDB5D}"
EndProject
Project("{9A19103F-16F7-4668-BE54-9A1E7A4F7556}") = "DiffEqWeb", "DiffEqWeb\DiffEqWeb.csproj", "{A55DFA54-6F4C-4234-9AA1-1434DF787262}"
	ProjectSection(ProjectDependencies) = postProject
		{9FF2039C-BD3F-4054-B8C0-B1F31062FA52} = {9FF2039C-BD3F-4054-B8C0-B1F31062FA52}
	EndProjectSection
EndProject
Project("{9A19103F-16F7-4668-BE54-9A1E7A4F7556}") = "EquationDB", "EquationDB\EquationDB.csproj", "{B7A2077F-8891-457D-9E2B-9F6684F81EEE}"
EndProject
Global
	GlobalSection(SolutionConfigurationPlatforms) = preSolution
		Debug|Any CPU = Debug|Any CPU
		Debug|x86 = Debug|x86
		Release|Any CPU = Release|Any CPU
		Release|x86 = Release|x86
	EndGlobalSection
	GlobalSection(ProjectConfigurationPlatforms) = postSolution
		{9FF2039C-BD3F-4054-B8C0-B1F31062FA52}.Debug|Any CPU.ActiveCfg = Debug|Any CPU
		{9FF2039C-BD3F-4054-B8C0-B1F31062FA52}.Debug|Any CPU.Build.0 = Debug|Any CPU
		{9FF2039C-BD3F-4054-B8C0-B1F31062FA52}.Debug|x86.ActiveCfg = Debug|Any CPU
		{9FF2039C-BD3F-4054-B8C0-B1F31062FA52}.Debug|x86.Build.0 = Debug|Any CPU
		{9FF2039C-BD3F-4054-B8C0-B1F31062FA52}.Release|Any CPU.ActiveCfg = Release|Any CPU
		{9FF2039C-BD3F-4054-B8C0-B1F31062FA52}.Release|Any CPU.Build.0 = Release|Any CPU
		{9FF2039C-BD3F-4054-B8C0-B1F31062FA52}.Release|x86.ActiveCfg = Release|Any CPU
		{9FF2039C-BD3F-4054-B8C0-B1F31062FA52}.Release|x86.Build.0 = Release|Any CPU
		{ACFB51ED-2D11-4AB4-B2BA-15619C4BDB5D}.Debug|Any CPU.ActiveCfg = Debug|Any CPU
		{ACFB51ED-2D11-4AB4-B2BA-15619C4BDB5D}.Debug|Any CPU.Build.0 = Debug|Any CPU
		{ACFB51ED-2D11-4AB4-B2BA-15619C4BDB5D}.Debug|x86.ActiveCfg = Debug|Any CPU
		{ACFB51ED-2D11-4AB4-B2BA-15619C4BDB5D}.Debug|x86.Build.0 = Debug|Any CPU
		{ACFB51ED-2D11-4AB4-B2BA-15619C4BDB5D}.Release|Any CPU.ActiveCfg = Release|Any CPU
		{ACFB51ED-2D11-4AB4-B2BA-15619C4BDB5D}.Release|Any CPU.Build.0 = Release|Any CPU
		{ACFB51ED-2D11-4AB4-B2BA-15619C4BDB5D}.Release|x86.ActiveCfg = Release|Any CPU
		{ACFB51ED-2D11-4AB4-B2BA-15619C4BDB5D}.Release|x86.Build.0 = Release|Any CPU
		{A55DFA54-6F4C-4234-9AA1-1434DF787262}.Debug|Any CPU.ActiveCfg = Debug|Any CPU
		{A55DFA54-6F4C-4234-9AA1-1434DF787262}.Debug|Any CPU.Build.0 = Debug|Any CPU
		{A55DFA54-6F4C-4234-9AA1-1434DF787262}.Debug|x86.ActiveCfg = Debug|Any CPU
		{A55DFA54-6F4C-4234-9AA1-1434DF787262}.Debug|x86.Build.0 = Debug|Any CPU
		{A55DFA54-6F4C-4234-9AA1-1434DF787262}.Release|Any CPU.ActiveCfg = Release|Any CPU
		{A55DFA54-6F4C-4234-9AA1-1434DF787262}.Release|Any CPU.Build.0 = Release|Any CPU
		{A55DFA54-6F4C-4234-9AA1-1434DF787262}.Release|x86.ActiveCfg = Release|Any CPU
		{A55DFA54-6F4C-4234-9AA1-1434DF787262}.Release|x86.Build.0 = Release|Any CPU
		{B7A2077F-8891-457D-9E2B-9F6684F81EEE}.Debug|Any CPU.ActiveCfg = Debug|Any CPU
		{B7A2077F-8891-457D-9E2B-9F6684F81EEE}.Debug|Any CPU.Build.0 = Debug|Any CPU
		{B7A2077F-8891-457D-9E2B-9F6684F81EEE}.Debug|x86.ActiveCfg = Debug|Any CPU
		{B7A2077F-8891-457D-9E2B-9F6684F81EEE}.Debug|x86.Build.0 = Debug|Any CPU
		{B7A2077F-8891-457D-9E2B-9F6684F81EEE}.Release|Any CPU.ActiveCfg = Release|Any CPU
		{B7A2077F-8891-457D-9E2B-9F6684F81EEE}.Release|Any CPU.Build.0 = Release|Any CPU
		{B7A2077F-8891-457D-9E2B-9F6684F81EEE}.Release|x86.ActiveCfg = Release|Any CPU
		{B7A2077F-8891-457D-9E2B-9F6684F81EEE}.Release|x86.Build.0 = Release|Any CPU
	EndGlobalSection
	GlobalSection(SolutionProperties) = preSolution
		HideSolutionNode = FALSE
	EndGlobalSection
	GlobalSection(ExtensibilityGlobals) = postSolution
		SolutionGuid = {1B2FD441-5FB9-497E-862B-80E945EC233B}
	EndGlobalSection
EndGlobal
