{
  "name": "asp.net",
  "version": "1.0.0",
  "lockfileVersion": 1,
  "requires": true,
  "dependencies": {
    "@babel/helper-validator-identifier": {
      "version": "7.14.9",
      "resolved": "https://registry.npmjs.org/@babel/helper-validator-identifier/-/helper-validator-identifier-7.14.9.tgz",
      "integrity": "sha512-pQYxPY0UP6IHISRitNe8bsijHex4TWZXi2HwKVsjPiltzlhse2znVcm9Ace510VT1kxIHjGJCZZQBX2gJDbo0g==",
      "dev": true
    },
    "@babel/parser": {
      "version": "7.15.3",
      "resolved": "https://registry.npmjs.org/@babel/parser/-/parser-7.15.3.tgz",
      "integrity": "sha512-O0L6v/HvqbdJawj0iBEfVQMc3/6WP+AeOsovsIgBFyJaG+W2w7eqvZB7puddATmWuARlm1SX7DwxJ/JJUnDpEA==",
      "dev": true
    },
    "@babel/types": {
      "version": "7.15.0",
      "resolved": "https://registry.npmjs.org/@babel/types/-/types-7.15.0.tgz",
      "integrity": "sha512-OBvfqnllOIdX4ojTHpwZbpvz4j3EWyjkZEdmjH0/cgsd6QOdSgU8rLSk6ard/pcW7rlmjdVSX/AWOaORR1uNOQ==",
      "dev": true,
      "requires": {
        "@babel/helper-validator-identifier": "^7.14.9",
        "to-fast-properties": "^2.0.0"
      }
    },
    "@vue/compiler-core": {
      "version": "3.2.6",
      "resolved": "https://registry.npmjs.org/@vue/compiler-core/-/compiler-core-3.2.6.tgz",
      "integrity": "sha512-vbwnz7+OhtLO5p5i630fTuQCL+MlUpEMTKHuX+RfetQ+3pFCkItt2JUH+9yMaBG2Hkz6av+T9mwN/acvtIwpbw==",
      "dev": true,
      "requires": {
        "@babel/parser": "^7.15.0",
        "@babel/types": "^7.15.0",
        "@vue/shared": "3.2.6",
        "estree-walker": "^2.0.2",
        "source-map": "^0.6.1"
      }
    },
    "@vue/compiler-dom": {
      "version": "3.2.6",
      "resolved": "https://registry.npmjs.org/@vue/compiler-dom/-/compiler-dom-3.2.6.tgz",
      "integrity": "sha512-+a/3oBAzFIXhHt8L5IHJOTP4a5egzvpXYyi13jR7CUYOR1S+Zzv7vBWKYBnKyJLwnrxTZnTQVjeHCgJq743XKg==",
      "dev": true,
      "requires": {
        "@vue/compiler-core": "3.2.6",
        "@vue/shared": "3.2.6"
      }
    },
    "@vue/reactivity": {
      "version": "3.2.6",
      "resolved": "https://registry.npmjs.org/@vue/reactivity/-/reactivity-3.2.6.tgz",
      "integrity": "sha512-8vIDD2wpCnYisNNZjmcIj+Rixn0uhZNY3G1vzlgdVdLygeRSuFjkmnZk6WwvGzUWpKfnG0e/NUySM3mVi59hAA==",
      "dev": true,
      "requires": {
        "@vue/shared": "3.2.6"
      }
    },
    "@vue/runtime-core": {
      "version": "3.2.6",
      "resolved": "https://registry.npmjs.org/@vue/runtime-core/-/runtime-core-3.2.6.tgz",
      "integrity": "sha512-3mqtgpj/YSGFxtvTufSERRApo92B16JNNxz9p+5eG6PPuqTmuRJz214MqhKBEgLEAIQ6R6YCbd83ZDtjQnyw2g==",
      "dev": true,
      "requires": {
        "@vue/reactivity": "3.2.6",
        "@vue/shared": "3.2.6"
      }
    },
    "@vue/runtime-dom": {
      "version": "3.2.6",
      "resolved": "https://registry.npmjs.org/@vue/runtime-dom/-/runtime-dom-3.2.6.tgz",
      "integrity": "sha512-fq33urnP0BNCGm2O3KCzkJlKIHI80C94HJ4qDZbjsTtxyOn5IHqwKSqXVN3RQvO6epcQH+sWS+JNwcNDPzoasg==",
      "dev": true,
      "requires": {
        "@vue/runtime-core": "3.2.6",
        "@vue/shared": "3.2.6",
        "csstype": "^2.6.8"
      }
    },
    "@vue/shared": {
      "version": "3.2.6",
      "resolved": "https://registry.npmjs.org/@vue/shared/-/shared-3.2.6.tgz",
      "integrity": "sha512-uwX0Qs2e6kdF+WmxwuxJxOnKs/wEkMArtYpHSm7W+VY/23Tl8syMRyjnzEeXrNCAP0/8HZxEGkHJsjPEDNRuHw==",
      "dev": true
    },
    "axios": {
      "version": "0.21.1",
      "resolved": "https://registry.npmjs.org/axios/-/axios-0.21.1.tgz",
      "integrity": "sha512-dKQiRHxGD9PPRIUNIWvZhPTPpl1rf/OxTYKsqKUDjBwYylTvV7SjSHJb9ratfyzM6wCdLCOYLzs73qpg5c4iGA==",
      "dev": true,
      "requires": {
        "follow-redirects": "^1.10.0"
      }
    },
    "bootstrap": {
      "version": "5.1.0",
      "resolved": "https://registry.npmjs.org/bootstrap/-/bootstrap-5.1.0.tgz",
      "integrity": "sha512-bs74WNI9BgBo3cEovmdMHikSKoXnDgA6VQjJ7TyTotU6L7d41ZyCEEelPwkYEzsG/Zjv3ie9IE3EMAje0W9Xew==",
      "dev": true
    },
    "csstype": {
      "version": "2.6.17",
      "resolved": "https://registry.npmjs.org/csstype/-/csstype-2.6.17.tgz",
      "integrity": "sha512-u1wmTI1jJGzCJzWndZo8mk4wnPTZd1eOIYTYvuEyOQGfmDl3TrabCCfKnOC86FZwW/9djqTl933UF/cS425i9A==",
      "dev": true
    },
    "estree-walker": {
      "version": "2.0.2",
      "resolved": "https://registry.npmjs.org/estree-walker/-/estree-walker-2.0.2.tgz",
      "integrity": "sha512-Rfkk/Mp/DL7JVje3u18FxFujQlTNR2q6QfMSMB7AvCBx91NGj/ba3kCfza0f6dVDbw7YlRf/nDrn7pQrCCyQ/w==",
      "dev": true
    },
    "follow-redirects": {
      "version": "1.14.2",
      "resolved": "https://registry.npmjs.org/follow-redirects/-/follow-redirects-1.14.2.tgz",
      "integrity": "sha512-yLR6WaE2lbF0x4K2qE2p9PEXKLDjUjnR/xmjS3wHAYxtlsI9MLLBJUZirAHKzUZDGLxje7w/cXR49WOUo4rbsA==",
      "dev": true
    },
    "jquery": {
      "version": "3.6.0",
      "resolved": "https://registry.npmjs.org/jquery/-/jquery-3.6.0.tgz",
      "integrity": "sha512-JVzAR/AjBvVt2BmYhxRCSYysDsPcssdmTFnzyLEts9qNwmjmu4JTAMYubEfwVOSwpQ1I1sKKFcxhZCI2buerfw==",
      "dev": true
    },
    "json3": {
      "version": "3.2.4",
      "resolved": "https://registry.npmjs.org/json3/-/json3-3.2.4.tgz",
      "integrity": "sha1-aJxYnnypNAx+5JSeDRBbxb8VnyE=",
      "dev": true
    },
    "mathjax": {
      "version": "3.2.0",
      "resolved": "https://registry.npmjs.org/mathjax/-/mathjax-3.2.0.tgz",
      "integrity": "sha512-PL+rdYRK4Wxif+SQ94zP/L0sv6/oW/1WdQiIx0Jvn9FZaU5W9E6nlIv8liYAXBNPL2Fw/i+o/mZ1212eSzn0Cw==",
      "dev": true
    },
    "polyfill": {
      "version": "0.1.0",
      "resolved": "https://registry.npmjs.org/polyfill/-/polyfill-0.1.0.tgz",
      "integrity": "sha1-3tUHy3aAKASDSzOF39O6LlEATD0=",
      "dev": true,
      "requires": {
        "json3": "3.2.4"
      }
    },
    "popperjs-core": {
      "version": "2.5.0",
      "resolved": "https://registry.npmjs.org/popperjs-core/-/popperjs-core-2.5.0.tgz",
      "integrity": "sha512-PJR15zKoY6xHV+msnskEr/hyiCh2flIqoc1YIfmyPSD55ANI7mgwINQ+J8FZY8cXPVubjGAGqjlESDjN/XHpdg==",
      "dev": true
    },
    "source-map": {
      "version": "0.6.1",
      "resolved": "https://registry.npmjs.org/source-map/-/source-map-0.6.1.tgz",
      "integrity": "sha512-UjgapumWlbMhkBgzT7Ykc5YXUT46F0iKu8SGXq0bcwP5dz/h0Plj6enJqjz1Zbq2l5WaqYnrVbwWOWMyF3F47g==",
      "dev": true
    },
    "systemjs": {
      "version": "6.10.3",
      "resolved": "https://registry.npmjs.org/systemjs/-/systemjs-6.10.3.tgz",
      "integrity": "sha512-mXwfLJdaADqWg1J5+Z0bGQEdcXSe+ePPTfzffMB29aVls5cXveRl0vneSV/19t3SfuUBsAraLP8W/g5u9cmYXA==",
      "dev": true
    },
    "to-fast-properties": {
      "version": "2.0.0",
      "resolved": "https://registry.npmjs.org/to-fast-properties/-/to-fast-properties-2.0.0.tgz",
      "integrity": "sha1-3F5pjL0HkmW8c+A3doGk5Og/YW4=",
      "dev": true
    },
    "vue": {
      "version": "3.2.6",
      "resolved": "https://registry.npmjs.org/vue/-/vue-3.2.6.tgz",
      "integrity": "sha512-Zlb3LMemQS3Xxa6xPsecu45bNjr1hxO8Bh5FUmE0Dr6Ot0znZBKiM47rK6O7FTcakxOnvVN+NTXWJF6u8ajpCQ==",
      "dev": true,
      "requires": {
        "@vue/compiler-dom": "3.2.6",
        "@vue/runtime-dom": "3.2.6",
        "@vue/shared": "3.2.6"
      }
    }
  }
}
